// !$*UTF8*$!
{
	archiveVersion = 1;
	classes = {
	};
	objectVersion = 55;
	objects = {

/* Begin PBXBuildFile section */
		2274ABD028D3BDD3006AE6D7 /* SwifteeCode.docc in Sources */ = {isa = PBXBuildFile; fileRef = 2274ABCF28D3BDD3006AE6D7 /* SwifteeCode.docc */; };
		2274ABD628D3BDD3006AE6D7 /* SwifteeCode.framework in Frameworks */ = {isa = PBXBuildFile; fileRef = 2274ABCB28D3BDD3006AE6D7 /* SwifteeCode.framework */; };
		2274ABDB28D3BDD3006AE6D7 /* SwifteeCodeTests.swift in Sources */ = {isa = PBXBuildFile; fileRef = 2274ABDA28D3BDD3006AE6D7 /* SwifteeCodeTests.swift */; };
		2274ABDC28D3BDD3006AE6D7 /* SwifteeCode.h in Headers */ = {isa = PBXBuildFile; fileRef = 2274ABCE28D3BDD3006AE6D7 /* SwifteeCode.h */; settings = {ATTRIBUTES = (Public, ); }; };
/* End PBXBuildFile section */

/* Begin PBXContainerItemProxy section */
		2274ABD728D3BDD3006AE6D7 /* PBXContainerItemProxy */ = {
			isa = PBXContainerItemProxy;
			containerPortal = 2274ABC228D3BDD3006AE6D7 /* Project object */;
			proxyType = 1;
			remoteGlobalIDString = 2274ABCA28D3BDD3006AE6D7;
			remoteInfo = SwifteeCode;
		};
/* End PBXContainerItemProxy section */

/* Begin PBXFileReference section */
		2274ABCB28D3BDD3006AE6D7 /* SwifteeCode.framework */ = {isa = PBXFileReference; explicitFileType = wrapper.framework; includeInIndex = 0; path = SwifteeCode.framework; sourceTree = BUILT_PRODUCTS_DIR; };
		2274ABCE28D3BDD3006AE6D7 /* SwifteeCode.h */ = {isa = PBXFileReference; lastKnownFileType = sourcecode.c.h; path = SwifteeCode.h; sourceTree = "<group>"; };
		2274ABCF28D3BDD3006AE6D7 /* SwifteeCode.docc */ = {isa = PBXFileReference; lastKnownFileType = folder.documentationcatalog; path = SwifteeCode.docc; sourceTree = "<group>"; };
		2274ABD528D3BDD3006AE6D7 /* SwifteeCodeTests.xctest */ = {isa = PBXFileReference; explicitFileType = wrapper.cfbundle; includeInIndex = 0; path = SwifteeCodeTests.xctest; sourceTree = BUILT_PRODUCTS_DIR; };
		2274ABDA28D3BDD3006AE6D7 /* SwifteeCodeTests.swift */ = {isa = PBXFileReference; lastKnownFileType = sourcecode.swift; path = SwifteeCodeTests.swift; sourceTree = "<group>"; };
/* End PBXFileReference section */

/* Begin PBXFrameworksBuildPhase section */
		2274ABC828D3BDD3006AE6D7 /* Frameworks */ = {
			isa = PBXFrameworksBuildPhase;
			buildActionMask = 2147483647;
			files = (
			);
			runOnlyForDeploymentPostprocessing = 0;
		};
		2274ABD228D3BDD3006AE6D7 /* Frameworks */ = {
			isa = PBXFrameworksBuildPhase;
			buildActionMask = 2147483647;
			files = (
				2274ABD628D3BDD3006AE6D7 /* SwifteeCode.framework in Frameworks */,
			);
			runOnlyForDeploymentPostprocessing = 0;
		};
/* End PBXFrameworksBuildPhase section */

/* Begin PBXGroup section */
		2274ABC128D3BDD3006AE6D7 = {
			isa = PBXGroup;
			children = (
				2274ABCD28D3BDD3006AE6D7 /* SwifteeCode */,
				2274ABD928D3BDD3006AE6D7 /* SwifteeCodeTests */,
				2274ABCC28D3BDD3006AE6D7 /* Products */,
			);
			sourceTree = "<group>";
		};
		2274ABCC28D3BDD3006AE6D7 /* Products */ = {
			isa = PBXGroup;
			children = (
				2274ABCB28D3BDD3006AE6D7 /* SwifteeCode.framework */,
				2274ABD528D3BDD3006AE6D7 /* SwifteeCodeTests.xctest */,
			);
			name = Products;
			sourceTree = "<group>";
		};
		2274ABCD28D3BDD3006AE6D7 /* SwifteeCode */ = {
			isa = PBXGroup;
			children = (
				2274ABCE28D3BDD3006AE6D7 /* SwifteeCode.h */,
				2274ABCF28D3BDD3006AE6D7 /* SwifteeCode.docc */,
			);
			path = SwifteeCode;
			sourceTree = "<group>";
		};
		2274ABD928D3BDD3006AE6D7 /* SwifteeCodeTests */ = {
			isa = PBXGroup;
			children = (
				2274ABDA28D3BDD3006AE6D7 /* SwifteeCodeTests.swift */,
			);
			path = SwifteeCodeTests;
			sourceTree = "<group>";
		};
/* End PBXGroup section */

/* Begin PBXHeadersBuildPhase section */
		2274ABC628D3BDD3006AE6D7 /* Headers */ = {
			isa = PBXHeadersBuildPhase;
			buildActionMask = 2147483647;
			files = (
				2274ABDC28D3BDD3006AE6D7 /* SwifteeCode.h in Headers */,
			);
			runOnlyForDeploymentPostprocessing = 0;
		};
/* End PBXHeadersBuildPhase section */

/* Begin PBXNativeTarget section */
		2274ABCA28D3BDD3006AE6D7 /* SwifteeCode */ = {
			isa = PBXNativeTarget;
			buildConfigurationList = 2274ABDF28D3BDD3006AE6D7 /* Build configuration list for PBXNativeTarget "SwifteeCode" */;
			buildPhases = (
				2274ABC628D3BDD3006AE6D7 /* Headers */,
				2274ABC728D3BDD3006AE6D7 /* Sources */,
				2274ABC828D3BDD3006AE6D7 /* Frameworks */,
				2274ABC928D3BDD3006AE6D7 /* Resources */,
			);
			buildRules = (
			);
			dependencies = (
			);
			name = SwifteeCode;
			productName = SwifteeCode;
			productReference = 2274ABCB28D3BDD3006AE6D7 /* SwifteeCode.framework */;
			productType = "com.apple.product-type.framework";
		};
		2274ABD428D3BDD3006AE6D7 /* SwifteeCodeTests */ = {
			isa = PBXNativeTarget;
			buildConfigurationList = 2274ABE228D3BDD3006AE6D7 /* Build configuration list for PBXNativeTarget "SwifteeCodeTests" */;
			buildPhases = (
				2274ABD128D3BDD3006AE6D7 /* Sources */,
				2274ABD228D3BDD3006AE6D7 /* Frameworks */,
				2274ABD328D3BDD3006AE6D7 /* Resources */,
			);
			buildRules = (
			);
			dependencies = (
				2274ABD828D3BDD3006AE6D7 /* PBXTargetDependency */,
			);
			name = SwifteeCodeTests;
			productName = SwifteeCodeTests;
			productReference = 2274ABD528D3BDD3006AE6D7 /* SwifteeCodeTests.xctest */;
			productType = "com.apple.product-type.bundle.unit-test";
		};
/* End PBXNativeTarget section */

/* Begin PBXProject section */
		2274ABC228D3BDD3006AE6D7 /* Project object */ = {
			isa = PBXProject;
			attributes = {
				BuildIndependentTargetsInParallel = 1;
				LastSwiftUpdateCheck = 1340;
				LastUpgradeCheck = 1340;
				TargetAttributes = {
					2274ABCA28D3BDD3006AE6D7 = {
						CreatedOnToolsVersion = 13.4.1;
					};
					2274ABD428D3BDD3006AE6D7 = {
						CreatedOnToolsVersion = 13.4.1;
					};
				};
			};
			buildConfigurationList = 2274ABC528D3BDD3006AE6D7 /* Build configuration list for PBXProject "SwifteeCode" */;
			compatibilityVersion = "Xcode 13.0";
			developmentRegion = en;
			hasScannedForEncodings = 0;
			knownRegions = (
				en,
				Base,
			);
			mainGroup = 2274ABC128D3BDD3006AE6D7;
			productRefGroup = 2274ABCC28D3BDD3006AE6D7 /* Products */;
			projectDirPath = "";
			projectRoot = "";
			targets = (
				2274ABCA28D3BDD3006AE6D7 /* SwifteeCode */,
				2274ABD428D3BDD3006AE6D7 /* SwifteeCodeTests */,
			);
		};
/* End PBXProject section */

/* Begin PBXResourcesBuildPhase section */
		2274ABC928D3BDD3006AE6D7 /* Resources */ = {
			isa = PBXResourcesBuildPhase;
			buildActionMask = 2147483647;
			files = (
			);
			runOnlyForDeploymentPostprocessing = 0;
		};
		2274ABD328D3BDD3006AE6D7 /* Resources */ = {
			isa = PBXResourcesBuildPhase;
			buildActionMask = 2147483647;
			files = (
			);
			runOnlyForDeploymentPostprocessing = 0;
		};
/* End PBXResourcesBuildPhase section */

/* Begin PBXSourcesBuildPhase section */
		2274ABC728D3BDD3006AE6D7 /* Sources */ = {
			isa = PBXSourcesBuildPhase;
			buildActionMask = 2147483647;
			files = (
				2274ABD028D3BDD3006AE6D7 /* SwifteeCode.docc in Sources */,
			);
			runOnlyForDeploymentPostprocessing = 0;
		};
		2274ABD128D3BDD3006AE6D7 /* Sources */ = {
			isa = PBXSourcesBuildPhase;
			buildActionMask = 2147483647;
			files = (
				2274ABDB28D3BDD3006AE6D7 /* SwifteeCodeTests.swift in Sources */,
			);
			runOnlyForDeploymentPostprocessing = 0;
		};
/* End PBXSourcesBuildPhase section */

/* Begin PBXTargetDependency section */
		2274ABD828D3BDD3006AE6D7 /* PBXTargetDependency */ = {
			isa = PBXTargetDependency;
			target = 2274ABCA28D3BDD3006AE6D7 /* SwifteeCode */;
			targetProxy = 2274ABD728D3BDD3006AE6D7 /* PBXContainerItemProxy */;
		};
/* End PBXTargetDependency section */

/* Begin XCBuildConfiguration section */
		2274ABDD28D3BDD3006AE6D7 /* Debug */ = {
			isa = XCBuildConfiguration;
			buildSettings = {
				ALWAYS_SEARCH_USER_PATHS = NO;
				CLANG_ANALYZER_NONNULL = YES;
				CLANG_ANALYZER_NUMBER_OBJECT_CONVERSION = YES_AGGRESSIVE;
				CLANG_CXX_LANGUAGE_STANDARD = "gnu++17";
				CLANG_ENABLE_MODULES = YES;
				CLANG_ENABLE_OBJC_ARC = YES;
				CLANG_ENABLE_OBJC_WEAK = YES;
				CLANG_WARN_BLOCK_CAPTURE_AUTORELEASING = YES;
				CLANG_WARN_BOOL_CONVERSION = YES;
				CLANG_WARN_COMMA = YES;
				CLANG_WARN_CONSTANT_CONVERSION = YES;
				CLANG_WARN_DEPRECATED_OBJC_IMPLEMENTATIONS = YES;
				CLANG_WARN_DIRECT_OBJC_ISA_USAGE = YES_ERROR;
				CLANG_WARN_DOCUMENTATION_COMMENTS = YES;
				CLANG_WARN_EMPTY_BODY = YES;
				CLANG_WARN_ENUM_CONVERSION = YES;
				CLANG_WARN_INFINITE_RECURSION = YES;
				CLANG_WARN_INT_CONVERSION = YES;
				CLANG_WARN_NON_LITERAL_NULL_CONVERSION = YES;
				CLANG_WARN_OBJC_IMPLICIT_RETAIN_SELF = YES;
				CLANG_WARN_OBJC_LITERAL_CONVERSION = YES;
				CLANG_WARN_OBJC_ROOT_CLASS = YES_ERROR;
				CLANG_WARN_QUOTED_INCLUDE_IN_FRAMEWORK_HEADER = YES;
				CLANG_WARN_RANGE_LOOP_ANALYSIS = YES;
				CLANG_WARN_STRICT_PROTOTYPES = YES;
				CLANG_WARN_SUSPICIOUS_MOVE = YES;
				CLANG_WARN_UNGUARDED_AVAILABILITY = YES_AGGRESSIVE;
				CLANG_WARN_UNREACHABLE_CODE = YES;
				CLANG_WARN__DUPLICATE_METHOD_MATCH = YES;
				COPY_PHASE_STRIP = NO;
				CURRENT_PROJECT_VERSION = 1;
				DEBUG_INFORMATION_FORMAT = dwarf;
				ENABLE_STRICT_OBJC_MSGSEND = YES;
				ENABLE_TESTABILITY = YES;
				GCC_C_LANGUAGE_STANDARD = gnu11;
				GCC_DYNAMIC_NO_PIC = NO;
				GCC_NO_COMMON_BLOCKS = YES;
				GCC_OPTIMIZATION_LEVEL = 0;
				GCC_PREPROCESSOR_DEFINITIONS = (
					"DEBUG=1",
					"$(inherited)",
				);
				GCC_WARN_64_TO_32_BIT_CONVERSION = YES;
				GCC_WARN_ABOUT_RETURN_TYPE = YES_ERROR;
				GCC_WARN_UNDECLARED_SELECTOR = YES;
				GCC_WARN_UNINITIALIZED_AUTOS = YES_AGGRESSIVE;
				GCC_WARN_UNUSED_FUNCTION = YES;
				GCC_WARN_UNUSED_VARIABLE = YES;
				MACOSX_DEPLOYMENT_TARGET = 12.3;
				MTL_ENABLE_DEBUG_INFO = INCLUDE_SOURCE;
				MTL_FAST_MATH = YES;
				ONLY_ACTIVE_ARCH = YES;
				SDKROOT = macosx;
				SWIFT_ACTIVE_COMPILATION_CONDITIONS = DEBUG;
				SWIFT_OPTIMIZATION_LEVEL = "-Onone";
				VERSIONING_SYSTEM = "apple-generic";
				VERSION_INFO_PREFIX = "";
			};
			name = Debug;
		};
		2274ABDE28D3BDD3006AE6D7 /* Release */ = {
			isa = XCBuildConfiguration;
			buildSettings = {
				ALWAYS_SEARCH_USER_PATHS = NO;
				CLANG_ANALYZER_NONNULL = YES;
				CLANG_ANALYZER_NUMBER_OBJECT_CONVERSION = YES_AGGRESSIVE;
				CLANG_CXX_LANGUAGE_STANDARD = "gnu++17";
				CLANG_ENABLE_MODULES = YES;
				CLANG_ENABLE_OBJC_ARC = YES;
				CLANG_ENABLE_OBJC_WEAK = YES;
				CLANG_WARN_BLOCK_CAPTURE_AUTORELEASING = YES;
				CLANG_WARN_BOOL_CONVERSION = YES;
				CLANG_WARN_COMMA = YES;
				CLANG_WARN_CONSTANT_CONVERSION = YES;
				CLANG_WARN_DEPRECATED_OBJC_IMPLEMENTATIONS = YES;
				CLANG_WARN_DIRECT_OBJC_ISA_USAGE = YES_ERROR;
				CLANG_WARN_DOCUMENTATION_COMMENTS = YES;
				CLANG_WARN_EMPTY_BODY = YES;
				CLANG_WARN_ENUM_CONVERSION = YES;
				CLANG_WARN_INFINITE_RECURSION = YES;
				CLANG_WARN_INT_CONVERSION = YES;
				CLANG_WARN_NON_LITERAL_NULL_CONVERSION = YES;
				CLANG_WARN_OBJC_IMPLICIT_RETAIN_SELF = YES;
				CLANG_WARN_OBJC_LITERAL_CONVERSION = YES;
				CLANG_WARN_OBJC_ROOT_CLASS = YES_ERROR;
				CLANG_WARN_QUOTED_INCLUDE_IN_FRAMEWORK_HEADER = YES;
				CLANG_WARN_RANGE_LOOP_ANALYSIS = YES;
				CLANG_WARN_STRICT_PROTOTYPES = YES;
				CLANG_WARN_SUSPICIOUS_MOVE = YES;
				CLANG_WARN_UNGUARDED_AVAILABILITY = YES_AGGRESSIVE;
				CLANG_WARN_UNREACHABLE_CODE = YES;
				CLANG_WARN__DUPLICATE_METHOD_MATCH = YES;
				COPY_PHASE_STRIP = NO;
				CURRENT_PROJECT_VERSION = 1;
				DEBUG_INFORMATION_FORMAT = "dwarf-with-dsym";
				ENABLE_NS_ASSERTIONS = NO;
				ENABLE_STRICT_OBJC_MSGSEND = YES;
				GCC_C_LANGUAGE_STANDARD = gnu11;
				GCC_NO_COMMON_BLOCKS = YES;
				GCC_WARN_64_TO_32_BIT_CONVERSION = YES;
				GCC_WARN_ABOUT_RETURN_TYPE = YES_ERROR;
				GCC_WARN_UNDECLARED_SELECTOR = YES;
				GCC_WARN_UNINITIALIZED_AUTOS = YES_AGGRESSIVE;
				GCC_WARN_UNUSED_FUNCTION = YES;
				GCC_WARN_UNUSED_VARIABLE = YES;
				MACOSX_DEPLOYMENT_TARGET = 12.3;
				MTL_ENABLE_DEBUG_INFO = NO;
				MTL_FAST_MATH = YES;
				SDKROOT = macosx;
				SWIFT_COMPILATION_MODE = wholemodule;
				SWIFT_OPTIMIZATION_LEVEL = "-O";
				VERSIONING_SYSTEM = "apple-generic";
				VERSION_INFO_PREFIX = "";
			};
			name = Release;
		};
		2274ABE028D3BDD3006AE6D7 /* Debug */ = {
			isa = XCBuildConfiguration;
			buildSettings = {
				CODE_SIGN_STYLE = Automatic;
				COMBINE_HIDPI_IMAGES = YES;
				CURRENT_PROJECT_VERSION = 1;
				DEFINES_MODULE = YES;
				DEVELOPMENT_TEAM = 96U63CGYMR;
				DYLIB_COMPATIBILITY_VERSION = 1;
				DYLIB_CURRENT_VERSION = 1;
				DYLIB_INSTALL_NAME_BASE = "@rpath";
				GENERATE_INFOPLIST_FILE = YES;
				INFOPLIST_KEY_NSHumanReadableCopyright = "";
				INSTALL_PATH = "$(LOCAL_LIBRARY_DIR)/Frameworks";
				LD_RUNPATH_SEARCH_PATHS = (
					"$(inherited)",
					"@executable_path/../Frameworks",
					"@loader_path/Frameworks",
				);
				MARKETING_VERSION = 1.0;
				PRODUCT_BUNDLE_IDENTIFIER = com.lbe.SwifteeCode.SwifteeCode;
				PRODUCT_NAME = "$(TARGET_NAME:c99extidentifier)";
				SKIP_INSTALL = YES;
				SWIFT_EMIT_LOC_STRINGS = YES;
				SWIFT_VERSION = 5.0;
			};
			name = Debug;
		};
		2274ABE128D3BDD3006AE6D7 /* Release */ = {
			isa = XCBuildConfiguration;
			buildSettings = {
				CODE_SIGN_STYLE = Automatic;
				COMBINE_HIDPI_IMAGES = YES;
				CURRENT_PROJECT_VERSION = 1;
				DEFINES_MODULE = YES;
				DEVELOPMENT_TEAM = 96U63CGYMR;
				DYLIB_COMPATIBILITY_VERSION = 1;
				DYLIB_CURRENT_VERSION = 1;
				DYLIB_INSTALL_NAME_BASE = "@rpath";
				GENERATE_INFOPLIST_FILE = YES;
				INFOPLIST_KEY_NSHumanReadableCopyright = "";
				INSTALL_PATH = "$(LOCAL_LIBRARY_DIR)/Frameworks";
				LD_RUNPATH_SEARCH_PATHS = (
					"$(inherited)",
					"@executable_path/../Frameworks",
					"@loader_path/Frameworks",
				);
				MARKETING_VERSION = 1.0;
				PRODUCT_BUNDLE_IDENTIFIER = com.lbe.SwifteeCode.SwifteeCode;
				PRODUCT_NAME = "$(TARGET_NAME:c99extidentifier)";
				SKIP_INSTALL = YES;
				SWIFT_EMIT_LOC_STRINGS = YES;
				SWIFT_VERSION = 5.0;
			};
			name = Release;
		};
		2274ABE328D3BDD3006AE6D7 /* Debug */ = {
			isa = XCBuildConfiguration;
			buildSettings = {
				CODE_SIGN_STYLE = Automatic;
				CURRENT_PROJECT_VERSION = 1;
				DEVELOPMENT_TEAM = 96U63CGYMR;
				GENERATE_INFOPLIST_FILE = YES;
				MARKETING_VERSION = 1.0;
				PRODUCT_BUNDLE_IDENTIFIER = com.lbe.SwifteeCode.SwifteeCodeTests;
				PRODUCT_NAME = "$(TARGET_NAME)";
				SWIFT_EMIT_LOC_STRINGS = NO;
				SWIFT_VERSION = 5.0;
			};
			name = Debug;
		};
		2274ABE428D3BDD3006AE6D7 /* Release */ = {
			isa = XCBuildConfiguration;
			buildSettings = {
				CODE_SIGN_STYLE = Automatic;
				CURRENT_PROJECT_VERSION = 1;
				DEVELOPMENT_TEAM = 96U63CGYMR;
				GENERATE_INFOPLIST_FILE = YES;
				MARKETING_VERSION = 1.0;
				PRODUCT_BUNDLE_IDENTIFIER = com.lbe.SwifteeCode.SwifteeCodeTests;
				PRODUCT_NAME = "$(TARGET_NAME)";
				SWIFT_EMIT_LOC_STRINGS = NO;
				SWIFT_VERSION = 5.0;
			};
			name = Release;
		};
/* End XCBuildConfiguration section */

/* Begin XCConfigurationList section */
		2274ABC528D3BDD3006AE6D7 /* Build configuration list for PBXProject "SwifteeCode" */ = {
			isa = XCConfigurationList;
			buildConfigurations = (
				2274ABDD28D3BDD3006AE6D7 /* Debug */,
				2274ABDE28D3BDD3006AE6D7 /* Release */,
			);
			defaultConfigurationIsVisible = 0;
			defaultConfigurationName = Release;
		};
		2274ABDF28D3BDD3006AE6D7 /* Build configuration list for PBXNativeTarget "SwifteeCode" */ = {
			isa = XCConfigurationList;
			buildConfigurations = (
				2274ABE028D3BDD3006AE6D7 /* Debug */,
				2274ABE128D3BDD3006AE6D7 /* Release */,
			);
			defaultConfigurationIsVisible = 0;
			defaultConfigurationName = Release;
		};
		2274ABE228D3BDD3006AE6D7 /* Build configuration list for PBXNativeTarget "SwifteeCodeTests" */ = {
			isa = XCConfigurationList;
			buildConfigurations = (
				2274ABE328D3BDD3006AE6D7 /* Debug */,
				2274ABE428D3BDD3006AE6D7 /* Release */,
			);
			defaultConfigurationIsVisible = 0;
			defaultConfigurationName = Release;
		};
/* End XCConfigurationList section */
	};
	rootObject = 2274ABC228D3BDD3006AE6D7 /* Project object */;
}
